
Microsoft Visual Studio Solution File, Format Version 12.00
# Visual Studio 14
VisualStudioVersion = 14.0.23107.0
MinimumVisualStudioVersion = 10.0.40219.1
Project("{FAE04EC0-301F-11D3-BF4B-00C04F79EFBC}") = "Heimdall", "Heimdall\Heimdall.csproj", "{BCFB9633-5881-4E5D-8D92-3709510AA81E}"
EndProject
Project("{FAE04EC0-301F-11D3-BF4B-00C04F79EFBC}") = "Heimdall.Tests", "Heimdall.Tests\Heimdall.Tests.csproj", "{6A70C48D-5C26-4216-A629-A5277C36ADB6}"
EndProject
Project("{FAE04EC0-301F-11D3-BF4B-00C04F79EFBC}") = "Heimdall.Client", "Heimdall.Client\Heimdall.Client.csproj", "{430A2D10-9EB3-44B0-AEA2-2A2FB7A12D21}"
EndProject
Project("{FAE04EC0-301F-11D3-BF4B-00C04F79EFBC}") = "Heimdall.Client.Tests", "Heimdall.Client.Tests\Heimdall.Client.Tests.csproj", "{38E3FE41-9B4F-4915-AAC6-882DFAF22CAD}"
EndProject
Project("{FAE04EC0-301F-11D3-BF4B-00C04F79EFBC}") = "Heimdall.Server", "Heimdall.Server\Heimdall.Server.csproj", "{B94154FE-B295-4224-A44D-03D200BACEC5}"
EndProject
Project("{FAE04EC0-301F-11D3-BF4B-00C04F79EFBC}") = "Heimdall.Server.Tests", "Heimdall.Server.Tests\Heimdall.Server.Tests.csproj", "{9F6ADA16-1F40-4B2C-B3DA-FBBBFDFA307A}"
EndProject
Project("{2150E333-8FDC-42A3-9474-1A3956D46DE8}") = "docs", "docs", "{9E64CD4B-8A52-41A4-A7CD-3B896E24B2D1}"
	ProjectSection(SolutionItems) = preProject
		README.md = README.md
	EndProjectSection
EndProject
Project("{2150E333-8FDC-42A3-9474-1A3956D46DE8}") = "build", "build", "{1C958560-AC4A-4403-BFEB-292A2138EA8D}"
	ProjectSection(SolutionItems) = preProject
		.build\build-and-deploy.msbuild = .build\build-and-deploy.msbuild
		.build\build-and-deploy.properties.v4.5.msbuild = .build\build-and-deploy.properties.v4.5.msbuild
	EndProjectSection
EndProject
Project("{FAE04EC0-301F-11D3-BF4B-00C04F79EFBC}") = "BuildTasks", "BuildTasks\BuildTasks.csproj", "{6C9072FE-B0ED-4A93-8083-C692FA250CEE}"
EndProject
Project("{2150E333-8FDC-42A3-9474-1A3956D46DE8}") = "examples", "examples", "{D62F2148-4741-4909-BDC9-10F020A7D73B}"
EndProject
Project("{FAE04EC0-301F-11D3-BF4B-00C04F79EFBC}") = "Example.Client", "Example.Client\Example.Client.csproj", "{BD2D031F-DF9F-4D45-B86D-9CBCB140ABEB}"
EndProject
Project("{FAE04EC0-301F-11D3-BF4B-00C04F79EFBC}") = "Example.Server", "Example.Server\Example.Server.csproj", "{1B3F0D2D-C372-4F0D-89E6-3BD6A82FCFC8}"
EndProject
Project("{FAE04EC0-301F-11D3-BF4B-00C04F79EFBC}") = "Example.IIS", "Example.IIS\Example.IIS.csproj", "{9209C984-96C1-466D-8B29-73E8FC5F38E5}"
EndProject
Project("{FAE04EC0-301F-11D3-BF4B-00C04F79EFBC}") = "Example.Client.NodeJs", "Example.Client.NodeJs\Example.Client.NodeJs.csproj", "{C71563D8-59C7-46FA-88BF-74D8F0430BF7}"
EndProject
Project("{FAE04EC0-301F-11D3-BF4B-00C04F79EFBC}") = "Heimdall.Client.Windsor", "Heimdall.Client.Windsor\Heimdall.Client.Windsor.csproj", "{CB609080-DA17-40FC-9862-5042204B136E}"
EndProject
Project("{FAE04EC0-301F-11D3-BF4B-00C04F79EFBC}") = "Heimdall.Client.Windsor.Tests", "Heimdall.Client.Windsor.Tests\Heimdall.Client.Windsor.Tests.csproj", "{74A15F96-B1CC-4050-9534-4BCC3F46F674}"
EndProject
Project("{FAE04EC0-301F-11D3-BF4B-00C04F79EFBC}") = "Heimdall.Server.Windsor", "Heimdall.Server.Windsor\Heimdall.Server.Windsor.csproj", "{E01AA9BE-D5CE-4DC8-86C6-1918237F0DE8}"
EndProject
Project("{FAE04EC0-301F-11D3-BF4B-00C04F79EFBC}") = "Heimdall.Server.Windsor.Tests", "Heimdall.Server.Windsor.Tests\Heimdall.Server.Windsor.Tests.csproj", "{B2DA1494-1C4D-48C5-835C-397ADCC2B5DC}"
EndProject
Global
	GlobalSection(SolutionConfigurationPlatforms) = preSolution
		Debug|Any CPU = Debug|Any CPU
		Release|Any CPU = Release|Any CPU
	EndGlobalSection
	GlobalSection(ProjectConfigurationPlatforms) = postSolution
		{BCFB9633-5881-4E5D-8D92-3709510AA81E}.Debug|Any CPU.ActiveCfg = Debug|Any CPU
		{BCFB9633-5881-4E5D-8D92-3709510AA81E}.Debug|Any CPU.Build.0 = Debug|Any CPU
		{BCFB9633-5881-4E5D-8D92-3709510AA81E}.Release|Any CPU.ActiveCfg = Release|Any CPU
		{BCFB9633-5881-4E5D-8D92-3709510AA81E}.Release|Any CPU.Build.0 = Release|Any CPU
		{6A70C48D-5C26-4216-A629-A5277C36ADB6}.Debug|Any CPU.ActiveCfg = Debug|Any CPU
		{6A70C48D-5C26-4216-A629-A5277C36ADB6}.Debug|Any CPU.Build.0 = Debug|Any CPU
		{6A70C48D-5C26-4216-A629-A5277C36ADB6}.Release|Any CPU.ActiveCfg = Release|Any CPU
		{6A70C48D-5C26-4216-A629-A5277C36ADB6}.Release|Any CPU.Build.0 = Release|Any CPU
		{430A2D10-9EB3-44B0-AEA2-2A2FB7A12D21}.Debug|Any CPU.ActiveCfg = Debug|Any CPU
		{430A2D10-9EB3-44B0-AEA2-2A2FB7A12D21}.Debug|Any CPU.Build.0 = Debug|Any CPU
		{430A2D10-9EB3-44B0-AEA2-2A2FB7A12D21}.Release|Any CPU.ActiveCfg = Release|Any CPU
		{430A2D10-9EB3-44B0-AEA2-2A2FB7A12D21}.Release|Any CPU.Build.0 = Release|Any CPU
		{38E3FE41-9B4F-4915-AAC6-882DFAF22CAD}.Debug|Any CPU.ActiveCfg = Debug|Any CPU
		{38E3FE41-9B4F-4915-AAC6-882DFAF22CAD}.Debug|Any CPU.Build.0 = Debug|Any CPU
		{38E3FE41-9B4F-4915-AAC6-882DFAF22CAD}.Release|Any CPU.ActiveCfg = Release|Any CPU
		{38E3FE41-9B4F-4915-AAC6-882DFAF22CAD}.Release|Any CPU.Build.0 = Release|Any CPU
		{B94154FE-B295-4224-A44D-03D200BACEC5}.Debug|Any CPU.ActiveCfg = Debug|Any CPU
		{B94154FE-B295-4224-A44D-03D200BACEC5}.Debug|Any CPU.Build.0 = Debug|Any CPU
		{B94154FE-B295-4224-A44D-03D200BACEC5}.Release|Any CPU.ActiveCfg = Release|Any CPU
		{B94154FE-B295-4224-A44D-03D200BACEC5}.Release|Any CPU.Build.0 = Release|Any CPU
		{9F6ADA16-1F40-4B2C-B3DA-FBBBFDFA307A}.Debug|Any CPU.ActiveCfg = Debug|Any CPU
		{9F6ADA16-1F40-4B2C-B3DA-FBBBFDFA307A}.Debug|Any CPU.Build.0 = Debug|Any CPU
		{9F6ADA16-1F40-4B2C-B3DA-FBBBFDFA307A}.Release|Any CPU.ActiveCfg = Release|Any CPU
		{9F6ADA16-1F40-4B2C-B3DA-FBBBFDFA307A}.Release|Any CPU.Build.0 = Release|Any CPU
		{6C9072FE-B0ED-4A93-8083-C692FA250CEE}.Debug|Any CPU.ActiveCfg = Debug|Any CPU
		{6C9072FE-B0ED-4A93-8083-C692FA250CEE}.Debug|Any CPU.Build.0 = Debug|Any CPU
		{6C9072FE-B0ED-4A93-8083-C692FA250CEE}.Release|Any CPU.ActiveCfg = Release|Any CPU
		{6C9072FE-B0ED-4A93-8083-C692FA250CEE}.Release|Any CPU.Build.0 = Release|Any CPU
		{BD2D031F-DF9F-4D45-B86D-9CBCB140ABEB}.Debug|Any CPU.ActiveCfg = Debug|Any CPU
		{BD2D031F-DF9F-4D45-B86D-9CBCB140ABEB}.Debug|Any CPU.Build.0 = Debug|Any CPU
		{BD2D031F-DF9F-4D45-B86D-9CBCB140ABEB}.Release|Any CPU.ActiveCfg = Release|Any CPU
		{BD2D031F-DF9F-4D45-B86D-9CBCB140ABEB}.Release|Any CPU.Build.0 = Release|Any CPU
		{1B3F0D2D-C372-4F0D-89E6-3BD6A82FCFC8}.Debug|Any CPU.ActiveCfg = Debug|Any CPU
		{1B3F0D2D-C372-4F0D-89E6-3BD6A82FCFC8}.Debug|Any CPU.Build.0 = Debug|Any CPU
		{1B3F0D2D-C372-4F0D-89E6-3BD6A82FCFC8}.Release|Any CPU.ActiveCfg = Release|Any CPU
		{1B3F0D2D-C372-4F0D-89E6-3BD6A82FCFC8}.Release|Any CPU.Build.0 = Release|Any CPU
		{9209C984-96C1-466D-8B29-73E8FC5F38E5}.Debug|Any CPU.ActiveCfg = Debug|Any CPU
		{9209C984-96C1-466D-8B29-73E8FC5F38E5}.Debug|Any CPU.Build.0 = Debug|Any CPU
		{9209C984-96C1-466D-8B29-73E8FC5F38E5}.Release|Any CPU.ActiveCfg = Release|Any CPU
		{9209C984-96C1-466D-8B29-73E8FC5F38E5}.Release|Any CPU.Build.0 = Release|Any CPU
		{C71563D8-59C7-46FA-88BF-74D8F0430BF7}.Debug|Any CPU.ActiveCfg = Debug|Any CPU
		{C71563D8-59C7-46FA-88BF-74D8F0430BF7}.Debug|Any CPU.Build.0 = Debug|Any CPU
		{C71563D8-59C7-46FA-88BF-74D8F0430BF7}.Release|Any CPU.ActiveCfg = Release|Any CPU
		{C71563D8-59C7-46FA-88BF-74D8F0430BF7}.Release|Any CPU.Build.0 = Release|Any CPU
		{CB609080-DA17-40FC-9862-5042204B136E}.Debug|Any CPU.ActiveCfg = Debug|Any CPU
		{CB609080-DA17-40FC-9862-5042204B136E}.Debug|Any CPU.Build.0 = Debug|Any CPU
		{CB609080-DA17-40FC-9862-5042204B136E}.Release|Any CPU.ActiveCfg = Release|Any CPU
		{CB609080-DA17-40FC-9862-5042204B136E}.Release|Any CPU.Build.0 = Release|Any CPU
		{74A15F96-B1CC-4050-9534-4BCC3F46F674}.Debug|Any CPU.ActiveCfg = Debug|Any CPU
		{74A15F96-B1CC-4050-9534-4BCC3F46F674}.Debug|Any CPU.Build.0 = Debug|Any CPU
		{74A15F96-B1CC-4050-9534-4BCC3F46F674}.Release|Any CPU.ActiveCfg = Release|Any CPU
		{74A15F96-B1CC-4050-9534-4BCC3F46F674}.Release|Any CPU.Build.0 = Release|Any CPU
		{E01AA9BE-D5CE-4DC8-86C6-1918237F0DE8}.Debug|Any CPU.ActiveCfg = Debug|Any CPU
		{E01AA9BE-D5CE-4DC8-86C6-1918237F0DE8}.Debug|Any CPU.Build.0 = Debug|Any CPU
		{E01AA9BE-D5CE-4DC8-86C6-1918237F0DE8}.Release|Any CPU.ActiveCfg = Release|Any CPU
		{E01AA9BE-D5CE-4DC8-86C6-1918237F0DE8}.Release|Any CPU.Build.0 = Release|Any CPU
		{B2DA1494-1C4D-48C5-835C-397ADCC2B5DC}.Debug|Any CPU.ActiveCfg = Debug|Any CPU
		{B2DA1494-1C4D-48C5-835C-397ADCC2B5DC}.Debug|Any CPU.Build.0 = Debug|Any CPU
		{B2DA1494-1C4D-48C5-835C-397ADCC2B5DC}.Release|Any CPU.ActiveCfg = Release|Any CPU
		{B2DA1494-1C4D-48C5-835C-397ADCC2B5DC}.Release|Any CPU.Build.0 = Release|Any CPU
	EndGlobalSection
	GlobalSection(SolutionProperties) = preSolution
		HideSolutionNode = FALSE
	EndGlobalSection
	GlobalSection(NestedProjects) = preSolution
		{BD2D031F-DF9F-4D45-B86D-9CBCB140ABEB} = {D62F2148-4741-4909-BDC9-10F020A7D73B}
		{1B3F0D2D-C372-4F0D-89E6-3BD6A82FCFC8} = {D62F2148-4741-4909-BDC9-10F020A7D73B}
		{9209C984-96C1-466D-8B29-73E8FC5F38E5} = {D62F2148-4741-4909-BDC9-10F020A7D73B}
		{C71563D8-59C7-46FA-88BF-74D8F0430BF7} = {D62F2148-4741-4909-BDC9-10F020A7D73B}
	EndGlobalSection
EndGlobal
