
Microsoft Visual Studio Solution File, Format Version 12.00
# Visual Studio 2012
Project("{FAE04EC0-301F-11D3-BF4B-00C04F79EFBC}") = "Heimdall", "Heimdall\Heimdall.csproj", "{36C995AE-6649-43EF-A7AA-8B2ACA91D667}"
EndProject
Project("{FAE04EC0-301F-11D3-BF4B-00C04F79EFBC}") = "Heimdall.Tests", "Tests\Heimdall.Tests.csproj", "{805E8FF2-80D9-429B-A6B5-A846A2DA8BE9}"
EndProject
Project("{2150E333-8FDC-42A3-9474-1A3956D46DE8}") = "build", "build", "{E63C9C9D-30BB-47C4-8078-DFCC124FD40D}"
	ProjectSection(SolutionItems) = preProject
		.build\build-and-deploy.msbuild = .build\build-and-deploy.msbuild
		.build\build-and-deploy.properties.v4.5.msbuild = .build\build-and-deploy.properties.v4.5.msbuild
	EndProjectSection
EndProject
Project("{2150E333-8FDC-42A3-9474-1A3956D46DE8}") = "docs", "docs", "{952B14C8-4DA7-405C-9FAC-E5A5C6F1D171}"
	ProjectSection(SolutionItems) = preProject
		README.md = README.md
	EndProjectSection
EndProject
Project("{2150E333-8FDC-42A3-9474-1A3956D46DE8}") = "utils", "utils", "{0BD5DE34-8D0E-4EE7-ABE6-ACF288805D82}"
	ProjectSection(SolutionItems) = preProject
		deploy.bat = deploy.bat
	EndProjectSection
EndProject
Project("{FAE04EC0-301F-11D3-BF4B-00C04F79EFBC}") = "BuildTasks", "BuildTasks\BuildTasks.csproj", "{6C9072FE-B0ED-4A93-8083-C692FA250CEE}"
EndProject
Project("{FAE04EC0-301F-11D3-BF4B-00C04F79EFBC}") = "Heimdall.Console", "Console\Heimdall.Console.csproj", "{448B974D-2A61-4864-BDF4-D11537DA8063}"
EndProject
Project("{FAE04EC0-301F-11D3-BF4B-00C04F79EFBC}") = "Heimdall.Client", "Heimdall.Client\Heimdall.Client.csproj", "{21DFA465-1233-4EB3-8C6A-AB367F0C3FD7}"
EndProject
Project("{FAE04EC0-301F-11D3-BF4B-00C04F79EFBC}") = "Heimdall.Server", "Heimdall.Server\Heimdall.Server.csproj", "{13C17C5E-F736-4122-A34C-6D083F362C01}"
EndProject
Project("{FAE04EC0-301F-11D3-BF4B-00C04F79EFBC}") = "Heimdall.Client.Tests", "Heimdall.Client.Tests\Heimdall.Client.Tests.csproj", "{E6F4B0E6-4C6E-446F-A607-BE6E521F0B4B}"
EndProject
Project("{FAE04EC0-301F-11D3-BF4B-00C04F79EFBC}") = "Heimdall.Server.Tests", "Heimdall.Server.Tests\Heimdall.Server.Tests.csproj", "{7413E8C2-7E28-4F46-AF74-C6C9B44E07F2}"
EndProject
Global
	GlobalSection(SolutionConfigurationPlatforms) = preSolution
		Debug|Any CPU = Debug|Any CPU
		Release|Any CPU = Release|Any CPU
	EndGlobalSection
	GlobalSection(ProjectConfigurationPlatforms) = postSolution
		{36C995AE-6649-43EF-A7AA-8B2ACA91D667}.Debug|Any CPU.ActiveCfg = Debug|Any CPU
		{36C995AE-6649-43EF-A7AA-8B2ACA91D667}.Debug|Any CPU.Build.0 = Debug|Any CPU
		{36C995AE-6649-43EF-A7AA-8B2ACA91D667}.Release|Any CPU.ActiveCfg = Release|Any CPU
		{36C995AE-6649-43EF-A7AA-8B2ACA91D667}.Release|Any CPU.Build.0 = Release|Any CPU
		{805E8FF2-80D9-429B-A6B5-A846A2DA8BE9}.Debug|Any CPU.ActiveCfg = Debug|Any CPU
		{805E8FF2-80D9-429B-A6B5-A846A2DA8BE9}.Debug|Any CPU.Build.0 = Debug|Any CPU
		{805E8FF2-80D9-429B-A6B5-A846A2DA8BE9}.Release|Any CPU.ActiveCfg = Release|Any CPU
		{805E8FF2-80D9-429B-A6B5-A846A2DA8BE9}.Release|Any CPU.Build.0 = Release|Any CPU
		{6C9072FE-B0ED-4A93-8083-C692FA250CEE}.Debug|Any CPU.ActiveCfg = Debug|Any CPU
		{6C9072FE-B0ED-4A93-8083-C692FA250CEE}.Debug|Any CPU.Build.0 = Debug|Any CPU
		{6C9072FE-B0ED-4A93-8083-C692FA250CEE}.Release|Any CPU.ActiveCfg = Release|Any CPU
		{6C9072FE-B0ED-4A93-8083-C692FA250CEE}.Release|Any CPU.Build.0 = Release|Any CPU
		{448B974D-2A61-4864-BDF4-D11537DA8063}.Debug|Any CPU.ActiveCfg = Debug|Any CPU
		{448B974D-2A61-4864-BDF4-D11537DA8063}.Debug|Any CPU.Build.0 = Debug|Any CPU
		{448B974D-2A61-4864-BDF4-D11537DA8063}.Release|Any CPU.ActiveCfg = Release|Any CPU
		{448B974D-2A61-4864-BDF4-D11537DA8063}.Release|Any CPU.Build.0 = Release|Any CPU
		{21DFA465-1233-4EB3-8C6A-AB367F0C3FD7}.Debug|Any CPU.ActiveCfg = Debug|Any CPU
		{21DFA465-1233-4EB3-8C6A-AB367F0C3FD7}.Debug|Any CPU.Build.0 = Debug|Any CPU
		{21DFA465-1233-4EB3-8C6A-AB367F0C3FD7}.Release|Any CPU.ActiveCfg = Release|Any CPU
		{21DFA465-1233-4EB3-8C6A-AB367F0C3FD7}.Release|Any CPU.Build.0 = Release|Any CPU
		{13C17C5E-F736-4122-A34C-6D083F362C01}.Debug|Any CPU.ActiveCfg = Debug|Any CPU
		{13C17C5E-F736-4122-A34C-6D083F362C01}.Debug|Any CPU.Build.0 = Debug|Any CPU
		{13C17C5E-F736-4122-A34C-6D083F362C01}.Release|Any CPU.ActiveCfg = Release|Any CPU
		{13C17C5E-F736-4122-A34C-6D083F362C01}.Release|Any CPU.Build.0 = Release|Any CPU
		{E6F4B0E6-4C6E-446F-A607-BE6E521F0B4B}.Debug|Any CPU.ActiveCfg = Debug|Any CPU
		{E6F4B0E6-4C6E-446F-A607-BE6E521F0B4B}.Debug|Any CPU.Build.0 = Debug|Any CPU
		{E6F4B0E6-4C6E-446F-A607-BE6E521F0B4B}.Release|Any CPU.ActiveCfg = Release|Any CPU
		{E6F4B0E6-4C6E-446F-A607-BE6E521F0B4B}.Release|Any CPU.Build.0 = Release|Any CPU
		{7413E8C2-7E28-4F46-AF74-C6C9B44E07F2}.Debug|Any CPU.ActiveCfg = Debug|Any CPU
		{7413E8C2-7E28-4F46-AF74-C6C9B44E07F2}.Debug|Any CPU.Build.0 = Debug|Any CPU
		{7413E8C2-7E28-4F46-AF74-C6C9B44E07F2}.Release|Any CPU.ActiveCfg = Release|Any CPU
		{7413E8C2-7E28-4F46-AF74-C6C9B44E07F2}.Release|Any CPU.Build.0 = Release|Any CPU
	EndGlobalSection
	GlobalSection(SolutionProperties) = preSolution
		HideSolutionNode = FALSE
	EndGlobalSection
EndGlobal
